{
  "name": "sync-worker",
  "version": "1.0.0",
  "lockfileVersion": 2,
  "requires": true,
  "packages": {
    "": {
      "name": "sync-worker",
      "version": "1.0.0",
      "license": "ISC",
      "devDependencies": {
        "supabase": "^1.77.9"
      }
    },
    "node_modules/bin-links": {
      "version": "4.0.2",
      "resolved": "https://registry.npmjs.org/bin-links/-/bin-links-4.0.2.tgz",
      "integrity": "sha512-jxJ0PbXR8eQyPlExCvCs3JFnikvs1Yp4gUJt6nmgathdOwvur+q22KWC3h20gvWl4T/14DXKj2IlkJwwZkZPOw==",
      "dev": true,
      "dependencies": {
        "cmd-shim": "^6.0.0",
        "npm-normalize-package-bin": "^3.0.0",
        "read-cmd-shim": "^4.0.0",
        "write-file-atomic": "^5.0.0"
      },
      "engines": {
        "node": "^14.17.0 || ^16.13.0 || >=18.0.0"
      }
    },
    "node_modules/chownr": {
      "version": "2.0.0",
      "resolved": "https://registry.npmjs.org/chownr/-/chownr-2.0.0.tgz",
      "integrity": "sha512-bIomtDF5KGpdogkLd9VspvFzk9KfpyyGlS8YFVZl7TGPBHL5snIOnxeshwVgPteQ9b4Eydl+pVbIyE1DcvCWgQ==",
      "dev": true,
      "engines": {
        "node": ">=10"
      }
    },
    "node_modules/cmd-shim": {
      "version": "6.0.1",
      "resolved": "https://registry.npmjs.org/cmd-shim/-/cmd-shim-6.0.1.tgz",
      "integrity": "sha512-S9iI9y0nKR4hwEQsVWpyxld/6kRfGepGfzff83FcaiEBpmvlbA2nnGe7Cylgrx2f/p1P5S5wpRm9oL8z1PbS3Q==",
      "dev": true,
      "engines": {
        "node": "^14.17.0 || ^16.13.0 || >=18.0.0"
      }
    },
    "node_modules/data-uri-to-buffer": {
      "version": "4.0.1",
      "resolved": "https://registry.npmjs.org/data-uri-to-buffer/-/data-uri-to-buffer-4.0.1.tgz",
      "integrity": "sha512-0R9ikRb668HB7QDxT1vkpuUBtqc53YyAwMwGeUFKRojY/NWKvdZ+9UYtRfGmhqNbRkTSVpMbmyhXipFFv2cb/A==",
      "dev": true,
      "engines": {
        "node": ">= 12"
      }
    },
    "node_modules/fetch-blob": {
      "version": "3.2.0",
      "resolved": "https://registry.npmjs.org/fetch-blob/-/fetch-blob-3.2.0.tgz",
      "integrity": "sha512-7yAQpD2UMJzLi1Dqv7qFYnPbaPx7ZfFK6PiIxQ4PfkGPyNyl2Ugx+a/umUonmKqjhM4DnfbMvdX6otXq83soQQ==",
      "dev": true,
      "funding": [
        {
          "type": "github",
          "url": "https://github.com/sponsors/jimmywarting"
        },
        {
          "type": "paypal",
          "url": "https://paypal.me/jimmywarting"
        }
      ],
      "dependencies": {
        "node-domexception": "^1.0.0",
        "web-streams-polyfill": "^3.0.3"
      },
      "engines": {
        "node": "^12.20 || >= 14.13"
      }
    },
    "node_modules/formdata-polyfill": {
      "version": "4.0.10",
      "resolved": "https://registry.npmjs.org/formdata-polyfill/-/formdata-polyfill-4.0.10.tgz",
      "integrity": "sha512-buewHzMvYL29jdeQTVILecSaZKnt/RJWjoZCF5OW60Z67/GmSLBkOFM7qh1PI3zFNtJbaZL5eQu1vLfazOwj4g==",
      "dev": true,
      "dependencies": {
        "fetch-blob": "^3.1.2"
      },
      "engines": {
        "node": ">=12.20.0"
      }
    },
    "node_modules/fs-minipass": {
      "version": "2.1.0",
      "resolved": "https://registry.npmjs.org/fs-minipass/-/fs-minipass-2.1.0.tgz",
      "integrity": "sha512-V/JgOLFCS+R6Vcq0slCuaeWEdNC3ouDlJMNIsacH2VtALiu9mV4LPrHc5cDl8k5aw6J8jwgWWpiTo5RYhmIzvg==",
      "dev": true,
      "dependencies": {
        "minipass": "^3.0.0"
      },
      "engines": {
        "node": ">= 8"
      }
    },
    "node_modules/fs-minipass/node_modules/minipass": {
      "version": "3.3.6",
      "resolved": "https://registry.npmjs.org/minipass/-/minipass-3.3.6.tgz",
      "integrity": "sha512-DxiNidxSEK+tHG6zOIklvNOwm3hvCrbUrdtzY74U6HKTJxvIDfOUL5W5P2Ghd3DTkhhKPYGqeNUIh5qcM4YBfw==",
      "dev": true,
      "dependencies": {
        "yallist": "^4.0.0"
      },
      "engines": {
        "node": ">=8"
      }
    },
    "node_modules/imurmurhash": {
      "version": "0.1.4",
      "resolved": "https://registry.npmjs.org/imurmurhash/-/imurmurhash-0.1.4.tgz",
      "integrity": "sha512-JmXMZ6wuvDmLiHEml9ykzqO6lwFbof0GG4IkcGaENdCRDDmMVnny7s5HsIgHCbaq0w2MyPhDqkhTUgS2LU2PHA==",
      "dev": true,
      "engines": {
        "node": ">=0.8.19"
      }
    },
    "node_modules/minipass": {
      "version": "5.0.0",
      "resolved": "https://registry.npmjs.org/minipass/-/minipass-5.0.0.tgz",
      "integrity": "sha512-3FnjYuehv9k6ovOEbyOswadCDPX1piCfhV8ncmYtHOjuPwylVWsghTLo7rabjC3Rx5xD4HDx8Wm1xnMF7S5qFQ==",
      "dev": true,
      "engines": {
        "node": ">=8"
      }
    },
    "node_modules/minizlib": {
      "version": "2.1.2",
      "resolved": "https://registry.npmjs.org/minizlib/-/minizlib-2.1.2.tgz",
      "integrity": "sha512-bAxsR8BVfj60DWXHE3u30oHzfl4G7khkSuPW+qvpd7jFRHm7dLxOjUk1EHACJ/hxLY8phGJ0YhYHZo7jil7Qdg==",
      "dev": true,
      "dependencies": {
        "minipass": "^3.0.0",
        "yallist": "^4.0.0"
      },
      "engines": {
        "node": ">= 8"
      }
    },
    "node_modules/minizlib/node_modules/minipass": {
      "version": "3.3.6",
      "resolved": "https://registry.npmjs.org/minipass/-/minipass-3.3.6.tgz",
      "integrity": "sha512-DxiNidxSEK+tHG6zOIklvNOwm3hvCrbUrdtzY74U6HKTJxvIDfOUL5W5P2Ghd3DTkhhKPYGqeNUIh5qcM4YBfw==",
      "dev": true,
      "dependencies": {
        "yallist": "^4.0.0"
      },
      "engines": {
        "node": ">=8"
      }
    },
    "node_modules/mkdirp": {
      "version": "1.0.4",
      "resolved": "https://registry.npmjs.org/mkdirp/-/mkdirp-1.0.4.tgz",
      "integrity": "sha512-vVqVZQyf3WLx2Shd0qJ9xuvqgAyKPLAiqITEtqW0oIUjzo3PePDd6fW9iFz30ef7Ysp/oiWqbhszeGWW2T6Gzw==",
      "dev": true,
      "bin": {
        "mkdirp": "bin/cmd.js"
      },
      "engines": {
        "node": ">=10"
      }
    },
    "node_modules/node-domexception": {
      "version": "1.0.0",
      "resolved": "https://registry.npmjs.org/node-domexception/-/node-domexception-1.0.0.tgz",
      "integrity": "sha512-/jKZoMpw0F8GRwl4/eLROPA3cfcXtLApP0QzLmUT/HuPCZWyB7IY9ZrMeKw2O/nFIqPQB3PVM9aYm0F312AXDQ==",
      "dev": true,
      "funding": [
        {
          "type": "github",
          "url": "https://github.com/sponsors/jimmywarting"
        },
        {
          "type": "github",
          "url": "https://paypal.me/jimmywarting"
        }
      ],
      "engines": {
        "node": ">=10.5.0"
      }
    },
    "node_modules/node-fetch": {
      "version": "3.3.1",
      "resolved": "https://registry.npmjs.org/node-fetch/-/node-fetch-3.3.1.tgz",
      "integrity": "sha512-cRVc/kyto/7E5shrWca1Wsea4y6tL9iYJE5FBCius3JQfb/4P4I295PfhgbJQBLTx6lATE4z+wK0rPM4VS2uow==",
      "dev": true,
      "dependencies": {
        "data-uri-to-buffer": "^4.0.0",
        "fetch-blob": "^3.1.4",
        "formdata-polyfill": "^4.0.10"
      },
      "engines": {
        "node": "^12.20.0 || ^14.13.1 || >=16.0.0"
      },
      "funding": {
        "type": "opencollective",
        "url": "https://opencollective.com/node-fetch"
      }
    },
    "node_modules/npm-normalize-package-bin": {
      "version": "3.0.1",
      "resolved": "https://registry.npmjs.org/npm-normalize-package-bin/-/npm-normalize-package-bin-3.0.1.tgz",
      "integrity": "sha512-dMxCf+zZ+3zeQZXKxmyuCKlIDPGuv8EF940xbkC4kQVDTtqoh6rJFO+JTKSA6/Rwi0getWmtuy4Itup0AMcaDQ==",
      "dev": true,
      "engines": {
        "node": "^14.17.0 || ^16.13.0 || >=18.0.0"
      }
    },
    "node_modules/read-cmd-shim": {
      "version": "4.0.0",
      "resolved": "https://registry.npmjs.org/read-cmd-shim/-/read-cmd-shim-4.0.0.tgz",
      "integrity": "sha512-yILWifhaSEEytfXI76kB9xEEiG1AiozaCJZ83A87ytjRiN+jVibXjedjCRNjoZviinhG+4UkalO3mWTd8u5O0Q==",
      "dev": true,
      "engines": {
        "node": "^14.17.0 || ^16.13.0 || >=18.0.0"
      }
    },
    "node_modules/signal-exit": {
      "version": "4.0.2",
      "resolved": "https://registry.npmjs.org/signal-exit/-/signal-exit-4.0.2.tgz",
      "integrity": "sha512-MY2/qGx4enyjprQnFaZsHib3Yadh3IXyV2C321GY0pjGfVBu4un0uDJkwgdxqO+Rdx8JMT8IfJIRwbYVz3Ob3Q==",
      "dev": true,
      "engines": {
        "node": ">=14"
      },
      "funding": {
        "url": "https://github.com/sponsors/isaacs"
      }
    },
    "node_modules/supabase": {
      "version": "1.77.9",
      "resolved": "https://registry.npmjs.org/supabase/-/supabase-1.77.9.tgz",
      "integrity": "sha512-AyMaMsb+QpUMTE1XfV8Vhl/9G+Hkzk61RXf/JP5uyxc256hcb3N3FQoW2bi+A/BodJ/rfZOPE7vv+xtfVf6vyQ==",
      "dev": true,
      "hasInstallScript": true,
      "dependencies": {
        "bin-links": "^4.0.1",
        "node-fetch": "^3.2.10",
        "tar": "6.1.15"
      },
      "bin": {
        "supabase": "bin/supabase"
      },
      "engines": {
        "npm": ">=8"
      }
    },
    "node_modules/tar": {
      "version": "6.1.15",
      "resolved": "https://registry.npmjs.org/tar/-/tar-6.1.15.tgz",
      "integrity": "sha512-/zKt9UyngnxIT/EAGYuxaMYgOIJiP81ab9ZfkILq4oNLPFX50qyYmu7jRj9qeXoxmJHjGlbH0+cm2uy1WCs10A==",
      "dev": true,
      "dependencies": {
        "chownr": "^2.0.0",
        "fs-minipass": "^2.0.0",
        "minipass": "^5.0.0",
        "minizlib": "^2.1.1",
        "mkdirp": "^1.0.3",
        "yallist": "^4.0.0"
      },
      "engines": {
        "node": ">=10"
      }
    },
    "node_modules/web-streams-polyfill": {
      "version": "3.2.1",
      "resolved": "https://registry.npmjs.org/web-streams-polyfill/-/web-streams-polyfill-3.2.1.tgz",
      "integrity": "sha512-e0MO3wdXWKrLbL0DgGnUV7WHVuw9OUvL4hjgnPkIeEvESk74gAITi5G606JtZPp39cd8HA9VQzCIvA49LpPN5Q==",
      "dev": true,
      "engines": {
        "node": ">= 8"
      }
    },
    "node_modules/write-file-atomic": {
      "version": "5.0.1",
      "resolved": "https://registry.npmjs.org/write-file-atomic/-/write-file-atomic-5.0.1.tgz",
      "integrity": "sha512-+QU2zd6OTD8XWIJCbffaiQeH9U73qIqafo1x6V1snCWYGJf6cVE0cDR4D8xRzcEnfI21IFrUPzPGtcPf8AC+Rw==",
      "dev": true,
      "dependencies": {
        "imurmurhash": "^0.1.4",
        "signal-exit": "^4.0.1"
      },
      "engines": {
        "node": "^14.17.0 || ^16.13.0 || >=18.0.0"
      }
    },
    "node_modules/yallist": {
      "version": "4.0.0",
      "resolved": "https://registry.npmjs.org/yallist/-/yallist-4.0.0.tgz",
      "integrity": "sha512-3wdGidZyq5PB084XLES5TpOSRA3wjXAlIWMhum2kRcv/41Sn2emQ0dycQW4uZXLejwKvg6EsvbdlVL+FYEct7A==",
      "dev": true
    }
  },
  "dependencies": {
    "bin-links": {
      "version": "4.0.2",
      "resolved": "https://registry.npmjs.org/bin-links/-/bin-links-4.0.2.tgz",
      "integrity": "sha512-jxJ0PbXR8eQyPlExCvCs3JFnikvs1Yp4gUJt6nmgathdOwvur+q22KWC3h20gvWl4T/14DXKj2IlkJwwZkZPOw==",
      "dev": true,
      "requires": {
        "cmd-shim": "^6.0.0",
        "npm-normalize-package-bin": "^3.0.0",
        "read-cmd-shim": "^4.0.0",
        "write-file-atomic": "^5.0.0"
      }
    },
    "chownr": {
      "version": "2.0.0",
      "resolved": "https://registry.npmjs.org/chownr/-/chownr-2.0.0.tgz",
      "integrity": "sha512-bIomtDF5KGpdogkLd9VspvFzk9KfpyyGlS8YFVZl7TGPBHL5snIOnxeshwVgPteQ9b4Eydl+pVbIyE1DcvCWgQ==",
      "dev": true
    },
    "cmd-shim": {
      "version": "6.0.1",
      "resolved": "https://registry.npmjs.org/cmd-shim/-/cmd-shim-6.0.1.tgz",
      "integrity": "sha512-S9iI9y0nKR4hwEQsVWpyxld/6kRfGepGfzff83FcaiEBpmvlbA2nnGe7Cylgrx2f/p1P5S5wpRm9oL8z1PbS3Q==",
      "dev": true
    },
    "data-uri-to-buffer": {
      "version": "4.0.1",
      "resolved": "https://registry.npmjs.org/data-uri-to-buffer/-/data-uri-to-buffer-4.0.1.tgz",
      "integrity": "sha512-0R9ikRb668HB7QDxT1vkpuUBtqc53YyAwMwGeUFKRojY/NWKvdZ+9UYtRfGmhqNbRkTSVpMbmyhXipFFv2cb/A==",
      "dev": true
    },
    "fetch-blob": {
      "version": "3.2.0",
      "resolved": "https://registry.npmjs.org/fetch-blob/-/fetch-blob-3.2.0.tgz",
      "integrity": "sha512-7yAQpD2UMJzLi1Dqv7qFYnPbaPx7ZfFK6PiIxQ4PfkGPyNyl2Ugx+a/umUonmKqjhM4DnfbMvdX6otXq83soQQ==",
      "dev": true,
      "requires": {
        "node-domexception": "^1.0.0",
        "web-streams-polyfill": "^3.0.3"
      }
    },
    "formdata-polyfill": {
      "version": "4.0.10",
      "resolved": "https://registry.npmjs.org/formdata-polyfill/-/formdata-polyfill-4.0.10.tgz",
      "integrity": "sha512-buewHzMvYL29jdeQTVILecSaZKnt/RJWjoZCF5OW60Z67/GmSLBkOFM7qh1PI3zFNtJbaZL5eQu1vLfazOwj4g==",
      "dev": true,
      "requires": {
        "fetch-blob": "^3.1.2"
      }
    },
    "fs-minipass": {
      "version": "2.1.0",
      "resolved": "https://registry.npmjs.org/fs-minipass/-/fs-minipass-2.1.0.tgz",
      "integrity": "sha512-V/JgOLFCS+R6Vcq0slCuaeWEdNC3ouDlJMNIsacH2VtALiu9mV4LPrHc5cDl8k5aw6J8jwgWWpiTo5RYhmIzvg==",
      "dev": true,
      "requires": {
        "minipass": "^3.0.0"
      },
      "dependencies": {
        "minipass": {
          "version": "3.3.6",
          "resolved": "https://registry.npmjs.org/minipass/-/minipass-3.3.6.tgz",
          "integrity": "sha512-DxiNidxSEK+tHG6zOIklvNOwm3hvCrbUrdtzY74U6HKTJxvIDfOUL5W5P2Ghd3DTkhhKPYGqeNUIh5qcM4YBfw==",
          "dev": true,
          "requires": {
            "yallist": "^4.0.0"
          }
        }
      }
    },
    "imurmurhash": {
      "version": "0.1.4",
      "resolved": "https://registry.npmjs.org/imurmurhash/-/imurmurhash-0.1.4.tgz",
      "integrity": "sha512-JmXMZ6wuvDmLiHEml9ykzqO6lwFbof0GG4IkcGaENdCRDDmMVnny7s5HsIgHCbaq0w2MyPhDqkhTUgS2LU2PHA==",
      "dev": true
    },
    "minipass": {
      "version": "5.0.0",
      "resolved": "https://registry.npmjs.org/minipass/-/minipass-5.0.0.tgz",
      "integrity": "sha512-3FnjYuehv9k6ovOEbyOswadCDPX1piCfhV8ncmYtHOjuPwylVWsghTLo7rabjC3Rx5xD4HDx8Wm1xnMF7S5qFQ==",
      "dev": true
    },
    "minizlib": {
      "version": "2.1.2",
      "resolved": "https://registry.npmjs.org/minizlib/-/minizlib-2.1.2.tgz",
      "integrity": "sha512-bAxsR8BVfj60DWXHE3u30oHzfl4G7khkSuPW+qvpd7jFRHm7dLxOjUk1EHACJ/hxLY8phGJ0YhYHZo7jil7Qdg==",
      "dev": true,
      "requires": {
        "minipass": "^3.0.0",
        "yallist": "^4.0.0"
      },
      "dependencies": {
        "minipass": {
          "version": "3.3.6",
          "resolved": "https://registry.npmjs.org/minipass/-/minipass-3.3.6.tgz",
          "integrity": "sha512-DxiNidxSEK+tHG6zOIklvNOwm3hvCrbUrdtzY74U6HKTJxvIDfOUL5W5P2Ghd3DTkhhKPYGqeNUIh5qcM4YBfw==",
          "dev": true,
          "requires": {
            "yallist": "^4.0.0"
          }
        }
      }
    },
    "mkdirp": {
      "version": "1.0.4",
      "resolved": "https://registry.npmjs.org/mkdirp/-/mkdirp-1.0.4.tgz",
      "integrity": "sha512-vVqVZQyf3WLx2Shd0qJ9xuvqgAyKPLAiqITEtqW0oIUjzo3PePDd6fW9iFz30ef7Ysp/oiWqbhszeGWW2T6Gzw==",
      "dev": true
    },
    "node-domexception": {
      "version": "1.0.0",
      "resolved": "https://registry.npmjs.org/node-domexception/-/node-domexception-1.0.0.tgz",
      "integrity": "sha512-/jKZoMpw0F8GRwl4/eLROPA3cfcXtLApP0QzLmUT/HuPCZWyB7IY9ZrMeKw2O/nFIqPQB3PVM9aYm0F312AXDQ==",
      "dev": true
    },
    "node-fetch": {
      "version": "3.3.1",
      "resolved": "https://registry.npmjs.org/node-fetch/-/node-fetch-3.3.1.tgz",
      "integrity": "sha512-cRVc/kyto/7E5shrWca1Wsea4y6tL9iYJE5FBCius3JQfb/4P4I295PfhgbJQBLTx6lATE4z+wK0rPM4VS2uow==",
      "dev": true,
      "requires": {
        "data-uri-to-buffer": "^4.0.0",
        "fetch-blob": "^3.1.4",
        "formdata-polyfill": "^4.0.10"
      }
    },
    "npm-normalize-package-bin": {
      "version": "3.0.1",
      "resolved": "https://registry.npmjs.org/npm-normalize-package-bin/-/npm-normalize-package-bin-3.0.1.tgz",
      "integrity": "sha512-dMxCf+zZ+3zeQZXKxmyuCKlIDPGuv8EF940xbkC4kQVDTtqoh6rJFO+JTKSA6/Rwi0getWmtuy4Itup0AMcaDQ==",
      "dev": true
    },
    "read-cmd-shim": {
      "version": "4.0.0",
      "resolved": "https://registry.npmjs.org/read-cmd-shim/-/read-cmd-shim-4.0.0.tgz",
      "integrity": "sha512-yILWifhaSEEytfXI76kB9xEEiG1AiozaCJZ83A87ytjRiN+jVibXjedjCRNjoZviinhG+4UkalO3mWTd8u5O0Q==",
      "dev": true
    },
    "signal-exit": {
      "version": "4.0.2",
      "resolved": "https://registry.npmjs.org/signal-exit/-/signal-exit-4.0.2.tgz",
      "integrity": "sha512-MY2/qGx4enyjprQnFaZsHib3Yadh3IXyV2C321GY0pjGfVBu4un0uDJkwgdxqO+Rdx8JMT8IfJIRwbYVz3Ob3Q==",
      "dev": true
    },
    "supabase": {
      "version": "1.77.9",
      "resolved": "https://registry.npmjs.org/supabase/-/supabase-1.77.9.tgz",
      "integrity": "sha512-AyMaMsb+QpUMTE1XfV8Vhl/9G+Hkzk61RXf/JP5uyxc256hcb3N3FQoW2bi+A/BodJ/rfZOPE7vv+xtfVf6vyQ==",
      "dev": true,
      "requires": {
        "bin-links": "^4.0.1",
        "node-fetch": "^3.2.10",
        "tar": "6.1.15"
      }
    },
    "tar": {
      "version": "6.1.15",
      "resolved": "https://registry.npmjs.org/tar/-/tar-6.1.15.tgz",
      "integrity": "sha512-/zKt9UyngnxIT/EAGYuxaMYgOIJiP81ab9ZfkILq4oNLPFX50qyYmu7jRj9qeXoxmJHjGlbH0+cm2uy1WCs10A==",
      "dev": true,
      "requires": {
        "chownr": "^2.0.0",
        "fs-minipass": "^2.0.0",
        "minipass": "^5.0.0",
        "minizlib": "^2.1.1",
        "mkdirp": "^1.0.3",
        "yallist": "^4.0.0"
      }
    },
    "web-streams-polyfill": {
      "version": "3.2.1",
      "resolved": "https://registry.npmjs.org/web-streams-polyfill/-/web-streams-polyfill-3.2.1.tgz",
      "integrity": "sha512-e0MO3wdXWKrLbL0DgGnUV7WHVuw9OUvL4hjgnPkIeEvESk74gAITi5G606JtZPp39cd8HA9VQzCIvA49LpPN5Q==",
      "dev": true
    },
    "write-file-atomic": {
      "version": "5.0.1",
      "resolved": "https://registry.npmjs.org/write-file-atomic/-/write-file-atomic-5.0.1.tgz",
      "integrity": "sha512-+QU2zd6OTD8XWIJCbffaiQeH9U73qIqafo1x6V1snCWYGJf6cVE0cDR4D8xRzcEnfI21IFrUPzPGtcPf8AC+Rw==",
      "dev": true,
      "requires": {
        "imurmurhash": "^0.1.4",
        "signal-exit": "^4.0.1"
      }
    },
    "yallist": {
      "version": "4.0.0",
      "resolved": "https://registry.npmjs.org/yallist/-/yallist-4.0.0.tgz",
      "integrity": "sha512-3wdGidZyq5PB084XLES5TpOSRA3wjXAlIWMhum2kRcv/41Sn2emQ0dycQW4uZXLejwKvg6EsvbdlVL+FYEct7A==",
      "dev": true
    }
  }
}
