{
  "name": "performance-monitoring-api",
  "version": "1.0.0",
  "lockfileVersion": 3,
  "requires": true,
  "packages": {
    "": {
      "name": "performance-monitoring-api",
      "version": "1.0.0",
      "license": "ISC",
      "devDependencies": {
        "aws-cli": "^0.0.2"
      }
    },
    "node_modules/aws-cli": {
      "version": "0.0.2",
      "resolved": "https://registry.npmjs.org/aws-cli/-/aws-cli-0.0.2.tgz",
      "integrity": "sha512-340A6bn3I5p/yc8MGQiWRofW3oUpmZ/k6LIZticzDOKWT4/F+TP54hki9SWmSS6XnvNIVAw4k9oPocq6ya4L1g==",
      "deprecated": "Recommend using the official aws cli tools for python",
      "dev": true,
      "dependencies": {
        "aws-sdk": "~2.0.0-rc13",
        "operetta": "0.0.5"
      },
      "bin": {
        "aws-cli": "bin/aws.js"
      }
    },
    "node_modules/aws-sdk": {
      "version": "2.0.31",
      "resolved": "https://registry.npmjs.org/aws-sdk/-/aws-sdk-2.0.31.tgz",
      "integrity": "sha512-rgmExM3/LjhI95PfjwDs1hks/RYrQ/V3qLybFCzBqr8Y3Hz9Qq3jp+WR1BaWhUckgoVJs/ZE4VSvMKZeNwuFoA==",
      "dev": true,
      "dependencies": {
        "xml2js": "0.2.6",
        "xmlbuilder": "0.4.2"
      },
      "engines": {
        "node": ">= 0.8.0"
      }
    },
    "node_modules/operetta": {
      "version": "0.0.5",
      "resolved": "https://registry.npmjs.org/operetta/-/operetta-0.0.5.tgz",
      "integrity": "sha512-b9E0Z5nvkHf9IQ0q7VaWpDfj/nX/pRAcMBoGh4SLrGhC2gE3BD6GwLc2qp64AsZgEwBe2gqIgBc5fqu/WDL9uQ==",
      "dev": true,
      "engines": [
        "node >= 0.4.6"
      ]
    },
    "node_modules/sax": {
      "version": "0.4.2",
      "resolved": "https://registry.npmjs.org/sax/-/sax-0.4.2.tgz",
      "integrity": "sha512-6Zsl4gnHjiTQfrOzsWdc0bHJepF5KJAVuM5fcyEJrqGyszkx2c55IclWP4D692rJrl1w0tExhbvYKjKNZl5wHg==",
      "dev": true
    },
    "node_modules/xml2js": {
      "version": "0.2.6",
      "resolved": "https://registry.npmjs.org/xml2js/-/xml2js-0.2.6.tgz",
      "integrity": "sha512-h+Nzgo0eLwideldZGqSquNtrsuX5zcDREImBa1GSNw9QljlXiFcM3E1kWjLprRjJe2jRuvnVk0j3WgQo9Deoog==",
      "dev": true,
      "dependencies": {
        "sax": "0.4.2"
      }
    },
    "node_modules/xmlbuilder": {
      "version": "0.4.2",
      "resolved": "https://registry.npmjs.org/xmlbuilder/-/xmlbuilder-0.4.2.tgz",
      "integrity": "sha512-h/+ncQQSU/iYycmI2wTN25t7RYN7O2oq9uvI+2+UObi4KcmQh/jUS4N31g5vJttQt7MODsnmBtbcll3YbNyvfw==",
      "dev": true,
      "engines": {
        "node": ">=0.2.0"
      }
    }
  }
}
