{
  "name": "lambda-api",
  "version": "1.0.0",
  "lockfileVersion": 2,
  "requires": true,
  "packages": {
    "": {
      "name": "lambda-api",
      "version": "1.0.0",
      "license": "ISC",
      "dependencies": {
        "device-detector-js": "^3.0.3",
        "postgres": "^3.3.3"
      }
    },
    "node_modules/device-detector-js": {
      "version": "3.0.3",
      "resolved": "https://registry.npmjs.org/device-detector-js/-/device-detector-js-3.0.3.tgz",
      "integrity": "sha512-jM89LJAvP6uOd84at8OlD9dWP8KeYCCHUde0RT0HQo/stdoRH4b54Xl/fntx2nEXCmqiFhmo+/cJetS2VGUHPw==",
      "engines": {
        "node": ">= 8.11.4"
      }
    },
    "node_modules/postgres": {
      "version": "3.3.3",
      "resolved": "https://registry.npmjs.org/postgres/-/postgres-3.3.3.tgz",
      "integrity": "sha512-FGLZOpZSXePRIQu6LJpJUDikzuhplWI80uyyfmKBiljpfO+Z4nuClwpq3/dsRnitxVDsgFN5duJ7eUTaC0meQQ==",
      "funding": {
        "type": "individual",
        "url": "https://github.com/sponsors/porsager"
      }
    }
  },
  "dependencies": {
    "device-detector-js": {
      "version": "3.0.3",
      "resolved": "https://registry.npmjs.org/device-detector-js/-/device-detector-js-3.0.3.tgz",
      "integrity": "sha512-jM89LJAvP6uOd84at8OlD9dWP8KeYCCHUde0RT0HQo/stdoRH4b54Xl/fntx2nEXCmqiFhmo+/cJetS2VGUHPw=="
    },
    "postgres": {
      "version": "3.3.3",
      "resolved": "https://registry.npmjs.org/postgres/-/postgres-3.3.3.tgz",
      "integrity": "sha512-FGLZOpZSXePRIQu6LJpJUDikzuhplWI80uyyfmKBiljpfO+Z4nuClwpq3/dsRnitxVDsgFN5duJ7eUTaC0meQQ=="
    }
  }
}
